// !$*UTF8*$!
{
	archiveVersion = 1;
	classes = {
	};
	objectVersion = 48;
	objects = {

/* Begin PBXBuildFile section */
		59425DA9820B701B79E9F34E /* Pods_MusicRoom.framework in Frameworks */ = {isa = PBXBuildFile; fileRef = 4F4BE7199ED40B0DB1DFFF3C /* Pods_MusicRoom.framework */; };
		6736E484210A1A8F0022F94E /* FirebaseManage.swift in Sources */ = {isa = PBXBuildFile; fileRef = 6736E483210A1A8F0022F94E /* FirebaseManage.swift */; };
		67816FE8210A2261008062BB /* UserData.swift in Sources */ = {isa = PBXBuildFile; fileRef = 67816FE7210A2261008062BB /* UserData.swift */; };
		67A8E69820EA28F100EB8D18 /* RegisterViewController.swift in Sources */ = {isa = PBXBuildFile; fileRef = 67A8E69720EA28F100EB8D18 /* RegisterViewController.swift */; };
		67AAD57F210B30BA00328A4D /* GoogleAuth.swift in Sources */ = {isa = PBXBuildFile; fileRef = 67AAD57E210B30BA00328A4D /* GoogleAuth.swift */; };
		67B180AD20E52E7400DB55E2 /* AppDelegate.swift in Sources */ = {isa = PBXBuildFile; fileRef = 67B180AC20E52E7400DB55E2 /* AppDelegate.swift */; };
		67B180AF20E52E7400DB55E2 /* ViewController.swift in Sources */ = {isa = PBXBuildFile; fileRef = 67B180AE20E52E7400DB55E2 /* ViewController.swift */; };
		67B180B220E52E7400DB55E2 /* Main.storyboard in Resources */ = {isa = PBXBuildFile; fileRef = 67B180B020E52E7400DB55E2 /* Main.storyboard */; };
		67B180B420E52E7400DB55E2 /* Assets.xcassets in Resources */ = {isa = PBXBuildFile; fileRef = 67B180B320E52E7400DB55E2 /* Assets.xcassets */; };
		67B180B720E52E7400DB55E2 /* LaunchScreen.storyboard in Resources */ = {isa = PBXBuildFile; fileRef = 67B180B520E52E7400DB55E2 /* LaunchScreen.storyboard */; };
		67B180BF20E5303800DB55E2 /* GoogleService-Info.plist in Resources */ = {isa = PBXBuildFile; fileRef = 67B180BE20E5303800DB55E2 /* GoogleService-Info.plist */; };
/* End PBXBuildFile section */

/* Begin PBXFileReference section */
		08428B5BFDB0717AF97C7111 /* Pods-MusicRoom.debug.xcconfig */ = {isa = PBXFileReference; includeInIndex = 1; lastKnownFileType = text.xcconfig; name = "Pods-MusicRoom.debug.xcconfig"; path = "Pods/Target Support Files/Pods-MusicRoom/Pods-MusicRoom.debug.xcconfig"; sourceTree = "<group>"; };
		4F4BE7199ED40B0DB1DFFF3C /* Pods_MusicRoom.framework */ = {isa = PBXFileReference; explicitFileType = wrapper.framework; includeInIndex = 0; path = Pods_MusicRoom.framework; sourceTree = BUILT_PRODUCTS_DIR; };
		6736E483210A1A8F0022F94E /* FirebaseManage.swift */ = {isa = PBXFileReference; lastKnownFileType = sourcecode.swift; path = FirebaseManage.swift; sourceTree = "<group>"; };
		67816FE7210A2261008062BB /* UserData.swift */ = {isa = PBXFileReference; lastKnownFileType = sourcecode.swift; path = UserData.swift; sourceTree = "<group>"; };
		67A8E69720EA28F100EB8D18 /* RegisterViewController.swift */ = {isa = PBXFileReference; lastKnownFileType = sourcecode.swift; path = RegisterViewController.swift; sourceTree = "<group>"; };
		67AAD57E210B30BA00328A4D /* GoogleAuth.swift */ = {isa = PBXFileReference; lastKnownFileType = sourcecode.swift; path = GoogleAuth.swift; sourceTree = "<group>"; };
		67B180A920E52E7400DB55E2 /* MusicRoom.app */ = {isa = PBXFileReference; explicitFileType = wrapper.application; includeInIndex = 0; path = MusicRoom.app; sourceTree = BUILT_PRODUCTS_DIR; };
		67B180AC20E52E7400DB55E2 /* AppDelegate.swift */ = {isa = PBXFileReference; lastKnownFileType = sourcecode.swift; path = AppDelegate.swift; sourceTree = "<group>"; };
		67B180AE20E52E7400DB55E2 /* ViewController.swift */ = {isa = PBXFileReference; lastKnownFileType = sourcecode.swift; path = ViewController.swift; sourceTree = "<group>"; };
		67B180B120E52E7400DB55E2 /* Base */ = {isa = PBXFileReference; lastKnownFileType = file.storyboard; name = Base; path = Base.lproj/Main.storyboard; sourceTree = "<group>"; };
		67B180B320E52E7400DB55E2 /* Assets.xcassets */ = {isa = PBXFileReference; lastKnownFileType = folder.assetcatalog; path = Assets.xcassets; sourceTree = "<group>"; };
		67B180B620E52E7400DB55E2 /* Base */ = {isa = PBXFileReference; lastKnownFileType = file.storyboard; name = Base; path = Base.lproj/LaunchScreen.storyboard; sourceTree = "<group>"; };
		67B180B820E52E7400DB55E2 /* Info.plist */ = {isa = PBXFileReference; lastKnownFileType = text.plist.xml; path = Info.plist; sourceTree = "<group>"; };
		67B180BE20E5303800DB55E2 /* GoogleService-Info.plist */ = {isa = PBXFileReference; fileEncoding = 4; lastKnownFileType = text.plist.xml; path = "GoogleService-Info.plist"; sourceTree = "<group>"; };
		C0B13D70C78B00E2E34AFF7F /* Pods-MusicRoom.release.xcconfig */ = {isa = PBXFileReference; includeInIndex = 1; lastKnownFileType = text.xcconfig; name = "Pods-MusicRoom.release.xcconfig"; path = "Pods/Target Support Files/Pods-MusicRoom/Pods-MusicRoom.release.xcconfig"; sourceTree = "<group>"; };
/* End PBXFileReference section */

/* Begin PBXFrameworksBuildPhase section */
		67B180A620E52E7300DB55E2 /* Frameworks */ = {
			isa = PBXFrameworksBuildPhase;
			buildActionMask = 2147483647;
			files = (
				59425DA9820B701B79E9F34E /* Pods_MusicRoom.framework in Frameworks */,
			);
			runOnlyForDeploymentPostprocessing = 0;
		};
/* End PBXFrameworksBuildPhase section */

/* Begin PBXGroup section */
		6736E482210A1A610022F94E /* Model */ = {
			isa = PBXGroup;
			children = (
				67816FE7210A2261008062BB /* UserData.swift */,
			);
			path = Model;
			sourceTree = "<group>";
		};
		67816FE9210A2293008062BB /* FirebaseManage */ = {
			isa = PBXGroup;
			children = (
				6736E483210A1A8F0022F94E /* FirebaseManage.swift */,
			);
			path = FirebaseManage;
			sourceTree = "<group>";
		};
		67AAD57D210B308E00328A4D /* AppDelegate */ = {
			isa = PBXGroup;
			children = (
				67B180AC20E52E7400DB55E2 /* AppDelegate.swift */,
				67AAD57E210B30BA00328A4D /* GoogleAuth.swift */,
			);
			path = AppDelegate;
			sourceTree = "<group>";
		};
		67B180A020E52E7300DB55E2 = {
			isa = PBXGroup;
			children = (
				67B180AB20E52E7400DB55E2 /* MusicRoom */,
				67B180AA20E52E7400DB55E2 /* Products */,
				FAD32F271884B46894430931 /* Pods */,
				8D5752350EE5107BBF411E9F /* Frameworks */,
			);
			sourceTree = "<group>";
		};
		67B180AA20E52E7400DB55E2 /* Products */ = {
			isa = PBXGroup;
			children = (
				67B180A920E52E7400DB55E2 /* MusicRoom.app */,
			);
			name = Products;
			sourceTree = "<group>";
		};
		67B180AB20E52E7400DB55E2 /* MusicRoom */ = {
			isa = PBXGroup;
			children = (
				67816FE9210A2293008062BB /* FirebaseManage */,
				6736E482210A1A610022F94E /* Model */,
				67B180AE20E52E7400DB55E2 /* ViewController.swift */,
				67A8E69720EA28F100EB8D18 /* RegisterViewController.swift */,
				67AAD57D210B308E00328A4D /* AppDelegate */,
				67B180B020E52E7400DB55E2 /* Main.storyboard */,
				67B180B320E52E7400DB55E2 /* Assets.xcassets */,
				67B180B520E52E7400DB55E2 /* LaunchScreen.storyboard */,
				67B180BE20E5303800DB55E2 /* GoogleService-Info.plist */,
				67B180B820E52E7400DB55E2 /* Info.plist */,
			);
			path = MusicRoom;
			sourceTree = "<group>";
		};
		8D5752350EE5107BBF411E9F /* Frameworks */ = {
			isa = PBXGroup;
			children = (
				4F4BE7199ED40B0DB1DFFF3C /* Pods_MusicRoom.framework */,
			);
			name = Frameworks;
			sourceTree = "<group>";
		};
		FAD32F271884B46894430931 /* Pods */ = {
			isa = PBXGroup;
			children = (
				08428B5BFDB0717AF97C7111 /* Pods-MusicRoom.debug.xcconfig */,
				C0B13D70C78B00E2E34AFF7F /* Pods-MusicRoom.release.xcconfig */,
			);
			name = Pods;
			sourceTree = "<group>";
		};
/* End PBXGroup section */

/* Begin PBXNativeTarget section */
		67B180A820E52E7300DB55E2 /* MusicRoom */ = {
			isa = PBXNativeTarget;
			buildConfigurationList = 67B180BB20E52E7400DB55E2 /* Build configuration list for PBXNativeTarget "MusicRoom" */;
			buildPhases = (
				930A3B5C64605353B8AE66AA /* [CP] Check Pods Manifest.lock */,
				67B180A520E52E7300DB55E2 /* Sources */,
				67B180A620E52E7300DB55E2 /* Frameworks */,
				67B180A720E52E7300DB55E2 /* Resources */,
				F866EFE67910C253BE196989 /* [CP] Embed Pods Frameworks */,
				104DCDB75C0290693ECFF98C /* [CP] Copy Pods Resources */,
			);
			buildRules = (
			);
			dependencies = (
			);
			name = MusicRoom;
			productName = MusicRoom;
			productReference = 67B180A920E52E7400DB55E2 /* MusicRoom.app */;
			productType = "com.apple.product-type.application";
		};
/* End PBXNativeTarget section */

/* Begin PBXProject section */
		67B180A120E52E7300DB55E2 /* Project object */ = {
			isa = PBXProject;
			attributes = {
				LastSwiftUpdateCheck = 0920;
				LastUpgradeCheck = 0920;
				ORGANIZATIONNAME = "Nguyen Tam Anh Bui";
				TargetAttributes = {
					67B180A820E52E7300DB55E2 = {
						CreatedOnToolsVersion = 9.2;
						ProvisioningStyle = Automatic;
					};
				};
			};
			buildConfigurationList = 67B180A420E52E7300DB55E2 /* Build configuration list for PBXProject "MusicRoom" */;
			compatibilityVersion = "Xcode 8.0";
			developmentRegion = en;
			hasScannedForEncodings = 0;
			knownRegions = (
				en,
				Base,
			);
			mainGroup = 67B180A020E52E7300DB55E2;
			productRefGroup = 67B180AA20E52E7400DB55E2 /* Products */;
			projectDirPath = "";
			projectRoot = "";
			targets = (
				67B180A820E52E7300DB55E2 /* MusicRoom */,
			);
		};
/* End PBXProject section */

/* Begin PBXResourcesBuildPhase section */
		67B180A720E52E7300DB55E2 /* Resources */ = {
			isa = PBXResourcesBuildPhase;
			buildActionMask = 2147483647;
			files = (
				67B180B720E52E7400DB55E2 /* LaunchScreen.storyboard in Resources */,
				67B180BF20E5303800DB55E2 /* GoogleService-Info.plist in Resources */,
				67B180B420E52E7400DB55E2 /* Assets.xcassets in Resources */,
				67B180B220E52E7400DB55E2 /* Main.storyboard in Resources */,
			);
			runOnlyForDeploymentPostprocessing = 0;
		};
/* End PBXResourcesBuildPhase section */

/* Begin PBXShellScriptBuildPhase section */
		104DCDB75C0290693ECFF98C /* [CP] Copy Pods Resources */ = {
			isa = PBXShellScriptBuildPhase;
			buildActionMask = 2147483647;
			files = (
			);
			inputPaths = (
				"${SRCROOT}/Pods/Target Support Files/Pods-MusicRoom/Pods-MusicRoom-resources.sh",
				"${PODS_CONFIGURATION_BUILD_DIR}/FirebaseUI/FirebaseAuthUI.bundle",
				"${PODS_CONFIGURATION_BUILD_DIR}/FirebaseUI/FirebaseFacebookAuthUI.bundle",
				"${PODS_CONFIGURATION_BUILD_DIR}/FirebaseUI/FirebaseGoogleAuthUI.bundle",
				"${PODS_CONFIGURATION_BUILD_DIR}/FirebaseUI/FirebasePhoneAuthUI.bundle",
				"${PODS_CONFIGURATION_BUILD_DIR}/FirebaseUI/FirebaseTwitterAuthUI.bundle",
				"${PODS_ROOT}/GoogleSignIn/Resources/GoogleSignIn.bundle",
				"${PODS_ROOT}/TwitterKit/iOS/TwitterKit.framework/TwitterKitResources.bundle",
			);
			name = "[CP] Copy Pods Resources";
			outputPaths = (
				"${TARGET_BUILD_DIR}/${UNLOCALIZED_RESOURCES_FOLDER_PATH}/FirebaseAuthUI.bundle",
				"${TARGET_BUILD_DIR}/${UNLOCALIZED_RESOURCES_FOLDER_PATH}/FirebaseFacebookAuthUI.bundle",
				"${TARGET_BUILD_DIR}/${UNLOCALIZED_RESOURCES_FOLDER_PATH}/FirebaseGoogleAuthUI.bundle",
				"${TARGET_BUILD_DIR}/${UNLOCALIZED_RESOURCES_FOLDER_PATH}/FirebasePhoneAuthUI.bundle",
				"${TARGET_BUILD_DIR}/${UNLOCALIZED_RESOURCES_FOLDER_PATH}/FirebaseTwitterAuthUI.bundle",
				"${TARGET_BUILD_DIR}/${UNLOCALIZED_RESOURCES_FOLDER_PATH}/GoogleSignIn.bundle",
				"${TARGET_BUILD_DIR}/${UNLOCALIZED_RESOURCES_FOLDER_PATH}/TwitterKitResources.bundle",
			);
			runOnlyForDeploymentPostprocessing = 0;
			shellPath = /bin/sh;
			shellScript = "\"${SRCROOT}/Pods/Target Support Files/Pods-MusicRoom/Pods-MusicRoom-resources.sh\"\n";
			showEnvVarsInLog = 0;
		};
		930A3B5C64605353B8AE66AA /* [CP] Check Pods Manifest.lock */ = {
			isa = PBXShellScriptBuildPhase;
			buildActionMask = 2147483647;
			files = (
			);
			inputPaths = (
				"${PODS_PODFILE_DIR_PATH}/Podfile.lock",
				"${PODS_ROOT}/Manifest.lock",
			);
			name = "[CP] Check Pods Manifest.lock";
			outputPaths = (
				"$(DERIVED_FILE_DIR)/Pods-MusicRoom-checkManifestLockResult.txt",
			);
			runOnlyForDeploymentPostprocessing = 0;
			shellPath = /bin/sh;
			shellScript = "diff \"${PODS_PODFILE_DIR_PATH}/Podfile.lock\" \"${PODS_ROOT}/Manifest.lock\" > /dev/null\nif [ $? != 0 ] ; then\n    # print error to STDERR\n    echo \"error: The sandbox is not in sync with the Podfile.lock. Run 'pod install' or update your CocoaPods installation.\" >&2\n    exit 1\nfi\n# This output is used by Xcode 'outputs' to avoid re-running this script phase.\necho \"SUCCESS\" > \"${SCRIPT_OUTPUT_FILE_0}\"\n";
			showEnvVarsInLog = 0;
		};
		F866EFE67910C253BE196989 /* [CP] Embed Pods Frameworks */ = {
			isa = PBXShellScriptBuildPhase;
			buildActionMask = 2147483647;
			files = (
			);
			inputPaths = (
				"${SRCROOT}/Pods/Target Support Files/Pods-MusicRoom/Pods-MusicRoom-frameworks.sh",
				"${BUILT_PRODUCTS_DIR}/Bolts/Bolts.framework",
				"${BUILT_PRODUCTS_DIR}/BoringSSL/openssl.framework",
				"${BUILT_PRODUCTS_DIR}/FBSDKCoreKit/FBSDKCoreKit.framework",
				"${BUILT_PRODUCTS_DIR}/FBSDKLoginKit/FBSDKLoginKit.framework",
				"${BUILT_PRODUCTS_DIR}/GTMOAuth2/GTMOAuth2.framework",
				"${BUILT_PRODUCTS_DIR}/GTMSessionFetcher/GTMSessionFetcher.framework",
				"${BUILT_PRODUCTS_DIR}/GoogleToolboxForMac/GoogleToolboxForMac.framework",
				"${BUILT_PRODUCTS_DIR}/Protobuf/Protobuf.framework",
				"${BUILT_PRODUCTS_DIR}/SDWebImage/SDWebImage.framework",
				"${PODS_ROOT}/TwitterCore/iOS/TwitterCore.framework",
				"${PODS_ROOT}/TwitterKit/iOS/TwitterKit.framework",
				"${BUILT_PRODUCTS_DIR}/gRPC/GRPCClient.framework",
				"${BUILT_PRODUCTS_DIR}/gRPC-Core/grpc.framework",
				"${BUILT_PRODUCTS_DIR}/gRPC-ProtoRPC/ProtoRPC.framework",
				"${BUILT_PRODUCTS_DIR}/gRPC-RxLibrary/RxLibrary.framework",
				"${BUILT_PRODUCTS_DIR}/leveldb-library/leveldb.framework",
				"${BUILT_PRODUCTS_DIR}/nanopb/nanopb.framework",
			);
			name = "[CP] Embed Pods Frameworks";
			outputPaths = (
				"${TARGET_BUILD_DIR}/${FRAMEWORKS_FOLDER_PATH}/Bolts.framework",
				"${TARGET_BUILD_DIR}/${FRAMEWORKS_FOLDER_PATH}/openssl.framework",
				"${TARGET_BUILD_DIR}/${FRAMEWORKS_FOLDER_PATH}/FBSDKCoreKit.framework",
				"${TARGET_BUILD_DIR}/${FRAMEWORKS_FOLDER_PATH}/FBSDKLoginKit.framework",
				"${TARGET_BUILD_DIR}/${FRAMEWORKS_FOLDER_PATH}/GTMOAuth2.framework",
				"${TARGET_BUILD_DIR}/${FRAMEWORKS_FOLDER_PATH}/GTMSessionFetcher.framework",
				"${TARGET_BUILD_DIR}/${FRAMEWORKS_FOLDER_PATH}/GoogleToolboxForMac.framework",
				"${TARGET_BUILD_DIR}/${FRAMEWORKS_FOLDER_PATH}/Protobuf.framework",
				"${TARGET_BUILD_DIR}/${FRAMEWORKS_FOLDER_PATH}/SDWebImage.framework",
				"${TARGET_BUILD_DIR}/${FRAMEWORKS_FOLDER_PATH}/TwitterCore.framework",
				"${TARGET_BUILD_DIR}/${FRAMEWORKS_FOLDER_PATH}/TwitterKit.framework",
				"${TARGET_BUILD_DIR}/${FRAMEWORKS_FOLDER_PATH}/GRPCClient.framework",
				"${TARGET_BUILD_DIR}/${FRAMEWORKS_FOLDER_PATH}/grpc.framework",
				"${TARGET_BUILD_DIR}/${FRAMEWORKS_FOLDER_PATH}/ProtoRPC.framework",
				"${TARGET_BUILD_DIR}/${FRAMEWORKS_FOLDER_PATH}/RxLibrary.framework",
				"${TARGET_BUILD_DIR}/${FRAMEWORKS_FOLDER_PATH}/leveldb.framework",
				"${TARGET_BUILD_DIR}/${FRAMEWORKS_FOLDER_PATH}/nanopb.framework",
			);
			runOnlyForDeploymentPostprocessing = 0;
			shellPath = /bin/sh;
			shellScript = "\"${SRCROOT}/Pods/Target Support Files/Pods-MusicRoom/Pods-MusicRoom-frameworks.sh\"\n";
			showEnvVarsInLog = 0;
		};
/* End PBXShellScriptBuildPhase section */

/* Begin PBXSourcesBuildPhase section */
		67B180A520E52E7300DB55E2 /* Sources */ = {
			isa = PBXSourcesBuildPhase;
			buildActionMask = 2147483647;
			files = (
				67816FE8210A2261008062BB /* UserData.swift in Sources */,
				67A8E69820EA28F100EB8D18 /* RegisterViewController.swift in Sources */,
				67AAD57F210B30BA00328A4D /* GoogleAuth.swift in Sources */,
				6736E484210A1A8F0022F94E /* FirebaseManage.swift in Sources */,
				67B180AF20E52E7400DB55E2 /* ViewController.swift in Sources */,
				67B180AD20E52E7400DB55E2 /* AppDelegate.swift in Sources */,
			);
			runOnlyForDeploymentPostprocessing = 0;
		};
/* End PBXSourcesBuildPhase section */

/* Begin PBXVariantGroup section */
		67B180B020E52E7400DB55E2 /* Main.storyboard */ = {
			isa = PBXVariantGroup;
			children = (
				67B180B120E52E7400DB55E2 /* Base */,
			);
			name = Main.storyboard;
			sourceTree = "<group>";
		};
		67B180B520E52E7400DB55E2 /* LaunchScreen.storyboard */ = {
			isa = PBXVariantGroup;
			children = (
				67B180B620E52E7400DB55E2 /* Base */,
			);
			name = LaunchScreen.storyboard;
			sourceTree = "<group>";
		};
/* End PBXVariantGroup section */

/* Begin XCBuildConfiguration section */
		67B180B920E52E7400DB55E2 /* Debug */ = {
			isa = XCBuildConfiguration;
			buildSettings = {
				ALWAYS_SEARCH_USER_PATHS = NO;
				CLANG_ANALYZER_NONNULL = YES;
				CLANG_ANALYZER_NUMBER_OBJECT_CONVERSION = YES_AGGRESSIVE;
				CLANG_CXX_LANGUAGE_STANDARD = "gnu++14";
				CLANG_CXX_LIBRARY = "libc++";
				CLANG_ENABLE_MODULES = YES;
				CLANG_ENABLE_OBJC_ARC = YES;
				CLANG_WARN_BLOCK_CAPTURE_AUTORELEASING = YES;
				CLANG_WARN_BOOL_CONVERSION = YES;
				CLANG_WARN_COMMA = YES;
				CLANG_WARN_CONSTANT_CONVERSION = YES;
				CLANG_WARN_DIRECT_OBJC_ISA_USAGE = YES_ERROR;
				CLANG_WARN_DOCUMENTATION_COMMENTS = YES;
				CLANG_WARN_EMPTY_BODY = YES;
				CLANG_WARN_ENUM_CONVERSION = YES;
				CLANG_WARN_INFINITE_RECURSION = YES;
				CLANG_WARN_INT_CONVERSION = YES;
				CLANG_WARN_NON_LITERAL_NULL_CONVERSION = YES;
				CLANG_WARN_OBJC_LITERAL_CONVERSION = YES;
				CLANG_WARN_OBJC_ROOT_CLASS = YES_ERROR;
				CLANG_WARN_RANGE_LOOP_ANALYSIS = YES;
				CLANG_WARN_STRICT_PROTOTYPES = YES;
				CLANG_WARN_SUSPICIOUS_MOVE = YES;
				CLANG_WARN_UNGUARDED_AVAILABILITY = YES_AGGRESSIVE;
				CLANG_WARN_UNREACHABLE_CODE = YES;
				CLANG_WARN__DUPLICATE_METHOD_MATCH = YES;
				CODE_SIGN_IDENTITY = "iPhone Developer";
				COPY_PHASE_STRIP = NO;
				DEBUG_INFORMATION_FORMAT = dwarf;
				ENABLE_STRICT_OBJC_MSGSEND = YES;
				ENABLE_TESTABILITY = YES;
				GCC_C_LANGUAGE_STANDARD = gnu11;
				GCC_DYNAMIC_NO_PIC = NO;
				GCC_NO_COMMON_BLOCKS = YES;
				GCC_OPTIMIZATION_LEVEL = 0;
				GCC_PREPROCESSOR_DEFINITIONS = (
					"DEBUG=1",
					"$(inherited)",
				);
				GCC_WARN_64_TO_32_BIT_CONVERSION = YES;
				GCC_WARN_ABOUT_RETURN_TYPE = YES_ERROR;
				GCC_WARN_UNDECLARED_SELECTOR = YES;
				GCC_WARN_UNINITIALIZED_AUTOS = YES_AGGRESSIVE;
				GCC_WARN_UNUSED_FUNCTION = YES;
				GCC_WARN_UNUSED_VARIABLE = YES;
				IPHONEOS_DEPLOYMENT_TARGET = 11.2;
				MTL_ENABLE_DEBUG_INFO = YES;
				ONLY_ACTIVE_ARCH = YES;
				SDKROOT = iphoneos;
				SWIFT_ACTIVE_COMPILATION_CONDITIONS = DEBUG;
				SWIFT_OPTIMIZATION_LEVEL = "-Onone";
			};
			name = Debug;
		};
		67B180BA20E52E7400DB55E2 /* Release */ = {
			isa = XCBuildConfiguration;
			buildSettings = {
				ALWAYS_SEARCH_USER_PATHS = NO;
				CLANG_ANALYZER_NONNULL = YES;
				CLANG_ANALYZER_NUMBER_OBJECT_CONVERSION = YES_AGGRESSIVE;
				CLANG_CXX_LANGUAGE_STANDARD = "gnu++14";
				CLANG_CXX_LIBRARY = "libc++";
				CLANG_ENABLE_MODULES = YES;
				CLANG_ENABLE_OBJC_ARC = YES;
				CLANG_WARN_BLOCK_CAPTURE_AUTORELEASING = YES;
				CLANG_WARN_BOOL_CONVERSION = YES;
				CLANG_WARN_COMMA = YES;
				CLANG_WARN_CONSTANT_CONVERSION = YES;
				CLANG_WARN_DIRECT_OBJC_ISA_USAGE = YES_ERROR;
				CLANG_WARN_DOCUMENTATION_COMMENTS = YES;
				CLANG_WARN_EMPTY_BODY = YES;
				CLANG_WARN_ENUM_CONVERSION = YES;
				CLANG_WARN_INFINITE_RECURSION = YES;
				CLANG_WARN_INT_CONVERSION = YES;
				CLANG_WARN_NON_LITERAL_NULL_CONVERSION = YES;
				CLANG_WARN_OBJC_LITERAL_CONVERSION = YES;
				CLANG_WARN_OBJC_ROOT_CLASS = YES_ERROR;
				CLANG_WARN_RANGE_LOOP_ANALYSIS = YES;
				CLANG_WARN_STRICT_PROTOTYPES = YES;
				CLANG_WARN_SUSPICIOUS_MOVE = YES;
				CLANG_WARN_UNGUARDED_AVAILABILITY = YES_AGGRESSIVE;
				CLANG_WARN_UNREACHABLE_CODE = YES;
				CLANG_WARN__DUPLICATE_METHOD_MATCH = YES;
				CODE_SIGN_IDENTITY = "iPhone Developer";
				COPY_PHASE_STRIP = NO;
				DEBUG_INFORMATION_FORMAT = "dwarf-with-dsym";
				ENABLE_NS_ASSERTIONS = NO;
				ENABLE_STRICT_OBJC_MSGSEND = YES;
				GCC_C_LANGUAGE_STANDARD = gnu11;
				GCC_NO_COMMON_BLOCKS = YES;
				GCC_WARN_64_TO_32_BIT_CONVERSION = YES;
				GCC_WARN_ABOUT_RETURN_TYPE = YES_ERROR;
				GCC_WARN_UNDECLARED_SELECTOR = YES;
				GCC_WARN_UNINITIALIZED_AUTOS = YES_AGGRESSIVE;
				GCC_WARN_UNUSED_FUNCTION = YES;
				GCC_WARN_UNUSED_VARIABLE = YES;
				IPHONEOS_DEPLOYMENT_TARGET = 11.2;
				MTL_ENABLE_DEBUG_INFO = NO;
				SDKROOT = iphoneos;
				SWIFT_OPTIMIZATION_LEVEL = "-Owholemodule";
				VALIDATE_PRODUCT = YES;
			};
			name = Release;
		};
		67B180BC20E52E7400DB55E2 /* Debug */ = {
			isa = XCBuildConfiguration;
			baseConfigurationReference = 08428B5BFDB0717AF97C7111 /* Pods-MusicRoom.debug.xcconfig */;
			buildSettings = {
				ASSETCATALOG_COMPILER_APPICON_NAME = AppIcon;
				CODE_SIGN_STYLE = Automatic;
				DEVELOPMENT_TEAM = 872CUSB6B9;
				INFOPLIST_FILE = MusicRoom/Info.plist;
				LD_RUNPATH_SEARCH_PATHS = "$(inherited) @executable_path/Frameworks";
				PRODUCT_BUNDLE_IDENTIFIER = com.tbui.MusicRoom;
				PRODUCT_NAME = "$(TARGET_NAME)";
				SWIFT_VERSION = 4.0;
				TARGETED_DEVICE_FAMILY = "1,2";
			};
			name = Debug;
		};
		67B180BD20E52E7400DB55E2 /* Release */ = {
			isa = XCBuildConfiguration;
			baseConfigurationReference = C0B13D70C78B00E2E34AFF7F /* Pods-MusicRoom.release.xcconfig */;
			buildSettings = {
				ASSETCATALOG_COMPILER_APPICON_NAME = AppIcon;
				CODE_SIGN_STYLE = Automatic;
				DEVELOPMENT_TEAM = 872CUSB6B9;
				INFOPLIST_FILE = MusicRoom/Info.plist;
				LD_RUNPATH_SEARCH_PATHS = "$(inherited) @executable_path/Frameworks";
				PRODUCT_BUNDLE_IDENTIFIER = com.tbui.MusicRoom;
				PRODUCT_NAME = "$(TARGET_NAME)";
				SWIFT_VERSION = 4.0;
				TARGETED_DEVICE_FAMILY = "1,2";
			};
			name = Release;
		};
/* End XCBuildConfiguration section */

/* Begin XCConfigurationList section */
		67B180A420E52E7300DB55E2 /* Build configuration list for PBXProject "MusicRoom" */ = {
			isa = XCConfigurationList;
			buildConfigurations = (
				67B180B920E52E7400DB55E2 /* Debug */,
				67B180BA20E52E7400DB55E2 /* Release */,
			);
			defaultConfigurationIsVisible = 0;
			defaultConfigurationName = Release;
		};
		67B180BB20E52E7400DB55E2 /* Build configuration list for PBXNativeTarget "MusicRoom" */ = {
			isa = XCConfigurationList;
			buildConfigurations = (
				67B180BC20E52E7400DB55E2 /* Debug */,
				67B180BD20E52E7400DB55E2 /* Release */,
			);
			defaultConfigurationIsVisible = 0;
			defaultConfigurationName = Release;
		};
/* End XCConfigurationList section */
	};
	rootObject = 67B180A120E52E7300DB55E2 /* Project object */;
}
